// !$*UTF8*$!
{
	archiveVersion = 1;
	classes = {
	};
	objectVersion = 46;
	objects = {

/* Begin PBXBuildFile section */
		BD18BF601C43F6A100728A92 /* AppDelegate.swift in Sources */ = {isa = PBXBuildFile; fileRef = BD18BF5F1C43F6A100728A92 /* AppDelegate.swift */; };
		BD18BF651C43F6A100728A92 /* Main.storyboard in Resources */ = {isa = PBXBuildFile; fileRef = BD18BF631C43F6A100728A92 /* Main.storyboard */; };
		BD18BF671C43F6A100728A92 /* Assets.xcassets in Resources */ = {isa = PBXBuildFile; fileRef = BD18BF661C43F6A100728A92 /* Assets.xcassets */; };
		BD18BF6A1C43F6A100728A92 /* LaunchScreen.storyboard in Resources */ = {isa = PBXBuildFile; fileRef = BD18BF681C43F6A100728A92 /* LaunchScreen.storyboard */; };
		BD18BF721C4400CB00728A92 /* ProductViewController.swift in Sources */ = {isa = PBXBuildFile; fileRef = BD18BF711C4400CB00728A92 /* ProductViewController.swift */; };
		BD8ACCE21C47A160001C8E84 /* Product.swift in Sources */ = {isa = PBXBuildFile; fileRef = BD8ACCE11C47A160001C8E84 /* Product.swift */; };
		BD9A7F171C46B62900C5D99F /* ProductsTableViewController.swift in Sources */ = {isa = PBXBuildFile; fileRef = BD9A7F161C46B62900C5D99F /* ProductsTableViewController.swift */; };
		BDA2994C1C451F4F0098E50F /* ContactViewController.swift in Sources */ = {isa = PBXBuildFile; fileRef = BDA2994B1C451F4F0098E50F /* ContactViewController.swift */; };
/* End PBXBuildFile section */

/* Begin PBXFileReference section */
		BD18BF5C1C43F6A100728A92 /* AZPhone.app */ = {isa = PBXFileReference; explicitFileType = wrapper.application; includeInIndex = 0; path = AZPhone.app; sourceTree = BUILT_PRODUCTS_DIR; };
		BD18BF5F1C43F6A100728A92 /* AppDelegate.swift */ = {isa = PBXFileReference; lastKnownFileType = sourcecode.swift; path = AppDelegate.swift; sourceTree = "<group>"; };
		BD18BF641C43F6A100728A92 /* Base */ = {isa = PBXFileReference; lastKnownFileType = file.storyboard; name = Base; path = Base.lproj/Main.storyboard; sourceTree = "<group>"; };
		BD18BF661C43F6A100728A92 /* Assets.xcassets */ = {isa = PBXFileReference; lastKnownFileType = folder.assetcatalog; path = Assets.xcassets; sourceTree = "<group>"; };
		BD18BF691C43F6A100728A92 /* Base */ = {isa = PBXFileReference; lastKnownFileType = file.storyboard; name = Base; path = Base.lproj/LaunchScreen.storyboard; sourceTree = "<group>"; };
		BD18BF6B1C43F6A100728A92 /* Info.plist */ = {isa = PBXFileReference; lastKnownFileType = text.plist.xml; path = Info.plist; sourceTree = "<group>"; };
		BD18BF711C4400CB00728A92 /* ProductViewController.swift */ = {isa = PBXFileReference; fileEncoding = 4; lastKnownFileType = sourcecode.swift; path = ProductViewController.swift; sourceTree = "<group>"; };
		BD8ACCE11C47A160001C8E84 /* Product.swift */ = {isa = PBXFileReference; fileEncoding = 4; lastKnownFileType = sourcecode.swift; path = Product.swift; sourceTree = "<group>"; };
		BD9A7F161C46B62900C5D99F /* ProductsTableViewController.swift */ = {isa = PBXFileReference; fileEncoding = 4; lastKnownFileType = sourcecode.swift; path = ProductsTableViewController.swift; sourceTree = "<group>"; };
		BDA2994B1C451F4F0098E50F /* ContactViewController.swift */ = {isa = PBXFileReference; fileEncoding = 4; lastKnownFileType = sourcecode.swift; path = ContactViewController.swift; sourceTree = "<group>"; };
/* End PBXFileReference section */

/* Begin PBXFrameworksBuildPhase section */
		BD18BF591C43F6A100728A92 /* Frameworks */ = {
			isa = PBXFrameworksBuildPhase;
			buildActionMask = 2147483647;
			files = (
			);
			runOnlyForDeploymentPostprocessing = 0;
		};
/* End PBXFrameworksBuildPhase section */

/* Begin PBXGroup section */
		BD18BF531C43F6A100728A92 = {
			isa = PBXGroup;
			children = (
				BD18BF5E1C43F6A100728A92 /* AZPhone */,
				BD18BF5D1C43F6A100728A92 /* Products */,
			);
			sourceTree = "<group>";
		};
		BD18BF5D1C43F6A100728A92 /* Products */ = {
			isa = PBXGroup;
			children = (
				BD18BF5C1C43F6A100728A92 /* AZPhone.app */,
			);
			name = Products;
			sourceTree = "<group>";
		};
		BD18BF5E1C43F6A100728A92 /* AZPhone */ = {
			isa = PBXGroup;
			children = (
				BD18BF5F1C43F6A100728A92 /* AppDelegate.swift */,
				BD18BF711C4400CB00728A92 /* ProductViewController.swift */,
				BDA2994B1C451F4F0098E50F /* ContactViewController.swift */,
				BD9A7F161C46B62900C5D99F /* ProductsTableViewController.swift */,
				BD18BF631C43F6A100728A92 /* Main.storyboard */,
				BD18BF661C43F6A100728A92 /* Assets.xcassets */,
				BD18BF681C43F6A100728A92 /* LaunchScreen.storyboard */,
				BD18BF6B1C43F6A100728A92 /* Info.plist */,
				BD8ACCE11C47A160001C8E84 /* Product.swift */,
			);
			path = AZPhone;
			sourceTree = "<group>";
		};
/* End PBXGroup section */

/* Begin PBXNativeTarget section */
		BD18BF5B1C43F6A100728A92 /* AZPhone */ = {
			isa = PBXNativeTarget;
			buildConfigurationList = BD18BF6E1C43F6A100728A92 /* Build configuration list for PBXNativeTarget "AZPhone" */;
			buildPhases = (
				BD18BF581C43F6A100728A92 /* Sources */,
				BD18BF591C43F6A100728A92 /* Frameworks */,
				BD18BF5A1C43F6A100728A92 /* Resources */,
			);
			buildRules = (
			);
			dependencies = (
			);
			name = AZPhone;
			productName = AZPhone;
			productReference = BD18BF5C1C43F6A100728A92 /* AZPhone.app */;
			productType = "com.apple.product-type.application";
		};
/* End PBXNativeTarget section */

/* Begin PBXProject section */
		BD18BF541C43F6A100728A92 /* Project object */ = {
			isa = PBXProject;
			attributes = {
				LastSwiftUpdateCheck = 0720;
				LastUpgradeCheck = 0720;
				ORGANIZATIONNAME = "Lixiang Mu";
				TargetAttributes = {
					BD18BF5B1C43F6A100728A92 = {
						CreatedOnToolsVersion = 7.2;
					};
				};
			};
			buildConfigurationList = BD18BF571C43F6A100728A92 /* Build configuration list for PBXProject "AZPhone" */;
			compatibilityVersion = "Xcode 3.2";
			developmentRegion = English;
			hasScannedForEncodings = 0;
			knownRegions = (
				en,
				Base,
			);
			mainGroup = BD18BF531C43F6A100728A92;
			productRefGroup = BD18BF5D1C43F6A100728A92 /* Products */;
			projectDirPath = "";
			projectRoot = "";
			targets = (
				BD18BF5B1C43F6A100728A92 /* AZPhone */,
			);
		};
/* End PBXProject section */

/* Begin PBXResourcesBuildPhase section */
		BD18BF5A1C43F6A100728A92 /* Resources */ = {
			isa = PBXResourcesBuildPhase;
			buildActionMask = 2147483647;
			files = (
				BD18BF6A1C43F6A100728A92 /* LaunchScreen.storyboard in Resources */,
				BD18BF671C43F6A100728A92 /* Assets.xcassets in Resources */,
				BD18BF651C43F6A100728A92 /* Main.storyboard in Resources */,
			);
			runOnlyForDeploymentPostprocessing = 0;
		};
/* End PBXResourcesBuildPhase section */

/* Begin PBXSourcesBuildPhase section */
		BD18BF581C43F6A100728A92 /* Sources */ = {
			isa = PBXSourcesBuildPhase;
			buildActionMask = 2147483647;
			files = (
				BD18BF721C4400CB00728A92 /* ProductViewController.swift in Sources */,
				BD9A7F171C46B62900C5D99F /* ProductsTableViewController.swift in Sources */,
				BD8ACCE21C47A160001C8E84 /* Product.swift in Sources */,
				BD18BF601C43F6A100728A92 /* AppDelegate.swift in Sources */,
				BDA2994C1C451F4F0098E50F /* ContactViewController.swift in Sources */,
			);
			runOnlyForDeploymentPostprocessing = 0;
		};
/* End PBXSourcesBuildPhase section */

/* Begin PBXVariantGroup section */
		BD18BF631C43F6A100728A92 /* Main.storyboard */ = {
			isa = PBXVariantGroup;
			children = (
				BD18BF641C43F6A100728A92 /* Base */,
			);
			name = Main.storyboard;
			sourceTree = "<group>";
		};
		BD18BF681C43F6A100728A92 /* LaunchScreen.storyboard */ = {
			isa = PBXVariantGroup;
			children = (
				BD18BF691C43F6A100728A92 /* Base */,
			);
			name = LaunchScreen.storyboard;
			sourceTree = "<group>";
		};
/* End PBXVariantGroup section */

/* Begin XCBuildConfiguration section */
		BD18BF6C1C43F6A100728A92 /* Debug */ = {
			isa = XCBuildConfiguration;
			buildSettings = {
				ALWAYS_SEARCH_USER_PATHS = NO;
				CLANG_CXX_LANGUAGE_STANDARD = "gnu++0x";
				CLANG_CXX_LIBRARY = "libc++";
				CLANG_ENABLE_MODULES = YES;
				CLANG_ENABLE_OBJC_ARC = YES;
				CLANG_WARN_BOOL_CONVERSION = YES;
				CLANG_WARN_CONSTANT_CONVERSION = YES;
				CLANG_WARN_DIRECT_OBJC_ISA_USAGE = YES_ERROR;
				CLANG_WARN_EMPTY_BODY = YES;
				CLANG_WARN_ENUM_CONVERSION = YES;
				CLANG_WARN_INT_CONVERSION = YES;
				CLANG_WARN_OBJC_ROOT_CLASS = YES_ERROR;
				CLANG_WARN_UNREACHABLE_CODE = YES;
				CLANG_WARN__DUPLICATE_METHOD_MATCH = YES;
				"CODE_SIGN_IDENTITY[sdk=iphoneos*]" = "iPhone Developer";
				COPY_PHASE_STRIP = NO;
				DEBUG_INFORMATION_FORMAT = dwarf;
				ENABLE_STRICT_OBJC_MSGSEND = YES;
				ENABLE_TESTABILITY = YES;
				GCC_C_LANGUAGE_STANDARD = gnu99;
				GCC_DYNAMIC_NO_PIC = NO;
				GCC_NO_COMMON_BLOCKS = YES;
				GCC_OPTIMIZATION_LEVEL = 0;
				GCC_PREPROCESSOR_DEFINITIONS = (
					"DEBUG=1",
					"$(inherited)",
				);
				GCC_WARN_64_TO_32_BIT_CONVERSION = YES;
				GCC_WARN_ABOUT_RETURN_TYPE = YES_ERROR;
				GCC_WARN_UNDECLARED_SELECTOR = YES;
				GCC_WARN_UNINITIALIZED_AUTOS = YES_AGGRESSIVE;
				GCC_WARN_UNUSED_FUNCTION = YES;
				GCC_WARN_UNUSED_VARIABLE = YES;
				IPHONEOS_DEPLOYMENT_TARGET = 9.2;
				MTL_ENABLE_DEBUG_INFO = YES;
				ONLY_ACTIVE_ARCH = YES;
				SDKROOT = iphoneos;
				SWIFT_OPTIMIZATION_LEVEL = "-Onone";
			};
			name = Debug;
		};
		BD18BF6D1C43F6A100728A92 /* Release */ = {
			isa = XCBuildConfiguration;
			buildSettings = {
				ALWAYS_SEARCH_USER_PATHS = NO;
				CLANG_CXX_LANGUAGE_STANDARD = "gnu++0x";
				CLANG_CXX_LIBRARY = "libc++";
				CLANG_ENABLE_MODULES = YES;
				CLANG_ENABLE_OBJC_ARC = YES;
				CLANG_WARN_BOOL_CONVERSION = YES;
				CLANG_WARN_CONSTANT_CONVERSION = YES;
				CLANG_WARN_DIRECT_OBJC_ISA_USAGE = YES_ERROR;
				CLANG_WARN_EMPTY_BODY = YES;
				CLANG_WARN_ENUM_CONVERSION = YES;
				CLANG_WARN_INT_CONVERSION = YES;
				CLANG_WARN_OBJC_ROOT_CLASS = YES_ERROR;
				CLANG_WARN_UNREACHABLE_CODE = YES;
				CLANG_WARN__DUPLICATE_METHOD_MATCH = YES;
				"CODE_SIGN_IDENTITY[sdk=iphoneos*]" = "iPhone Developer";
				COPY_PHASE_STRIP = NO;
				DEBUG_INFORMATION_FORMAT = "dwarf-with-dsym";
				ENABLE_NS_ASSERTIONS = NO;
				ENABLE_STRICT_OBJC_MSGSEND = YES;
				GCC_C_LANGUAGE_STANDARD = gnu99;
				GCC_NO_COMMON_BLOCKS = YES;
				GCC_WARN_64_TO_32_BIT_CONVERSION = YES;
				GCC_WARN_ABOUT_RETURN_TYPE = YES_ERROR;
				GCC_WARN_UNDECLARED_SELECTOR = YES;
				GCC_WARN_UNINITIALIZED_AUTOS = YES_AGGRESSIVE;
				GCC_WARN_UNUSED_FUNCTION = YES;
				GCC_WARN_UNUSED_VARIABLE = YES;
				IPHONEOS_DEPLOYMENT_TARGET = 9.2;
				MTL_ENABLE_DEBUG_INFO = NO;
				SDKROOT = iphoneos;
				VALIDATE_PRODUCT = YES;
			};
			name = Release;
		};
		BD18BF6F1C43F6A100728A92 /* Debug */ = {
			isa = XCBuildConfiguration;
			buildSettings = {
				ASSETCATALOG_COMPILER_APPICON_NAME = AppIcon;
				INFOPLIST_FILE = AZPhone/Info.plist;
				LD_RUNPATH_SEARCH_PATHS = "$(inherited) @executable_path/Frameworks";
				PRODUCT_BUNDLE_IDENTIFIER = com.zlpy.AZPhone;
				PRODUCT_NAME = "$(TARGET_NAME)";
			};
			name = Debug;
		};
		BD18BF701C43F6A100728A92 /* Release */ = {
			isa = XCBuildConfiguration;
			buildSettings = {
				ASSETCATALOG_COMPILER_APPICON_NAME = AppIcon;
				INFOPLIST_FILE = AZPhone/Info.plist;
				LD_RUNPATH_SEARCH_PATHS = "$(inherited) @executable_path/Frameworks";
				PRODUCT_BUNDLE_IDENTIFIER = com.zlpy.AZPhone;
				PRODUCT_NAME = "$(TARGET_NAME)";
			};
			name = Release;
		};
/* End XCBuildConfiguration section */

/* Begin XCConfigurationList section */
		BD18BF571C43F6A100728A92 /* Build configuration list for PBXProject "AZPhone" */ = {
			isa = XCConfigurationList;
			buildConfigurations = (
				BD18BF6C1C43F6A100728A92 /* Debug */,
				BD18BF6D1C43F6A100728A92 /* Release */,
			);
			defaultConfigurationIsVisible = 0;
			defaultConfigurationName = Release;
		};
		BD18BF6E1C43F6A100728A92 /* Build configuration list for PBXNativeTarget "AZPhone" */ = {
			isa = XCConfigurationList;
			buildConfigurations = (
				BD18BF6F1C43F6A100728A92 /* Debug */,
				BD18BF701C43F6A100728A92 /* Release */,
			);
			defaultConfigurationIsVisible = 0;
			defaultConfigurationName = Release;
		};
/* End XCConfigurationList section */
	};
	rootObject = BD18BF541C43F6A100728A92 /* Project object */;
}
